
Microsoft Visual Studio Solution File, Format Version 12.00
# Visual Studio Version 17
VisualStudioVersion = 17.6.33829.357
MinimumVisualStudioVersion = 10.0.40219.1
Project("{8BC9CEB8-8B4A-11D0-8D11-00A0C91BC942}") = "NBodyProblem", "NBodyProblem.vcxproj", "{4C219819-85DA-442A-944B-6A0E80CB3226}"
EndProject
Global
	GlobalSection(SolutionConfigurationPlatforms) = preSolution
		Debug|x64 = Debug|x64
		Debug|x86 = Debug|x86
		Release|x64 = Release|x64
		Release|x86 = Release|x86
	EndGlobalSection
	GlobalSection(ProjectConfigurationPlatforms) = postSolution
		{4C219819-85DA-442A-944B-6A0E80CB3226}.Debug|x64.ActiveCfg = Debug|x64
		{4C219819-85DA-442A-944B-6A0E80CB3226}.Debug|x64.Build.0 = Debug|x64
		{4C219819-85DA-442A-944B-6A0E80CB3226}.Debug|x86.ActiveCfg = Debug|Win32
		{4C219819-85DA-442A-944B-6A0E80CB3226}.Debug|x86.Build.0 = Debug|Win32
		{4C219819-85DA-442A-944B-6A0E80CB3226}.Release|x64.ActiveCfg = Release|x64
		{4C219819-85DA-442A-944B-6A0E80CB3226}.Release|x64.Build.0 = Release|x64
		{4C219819-85DA-442A-944B-6A0E80CB3226}.Release|x86.ActiveCfg = Release|Win32
		{4C219819-85DA-442A-944B-6A0E80CB3226}.Release|x86.Build.0 = Release|Win32
	EndGlobalSection
	GlobalSection(SolutionProperties) = preSolution
		HideSolutionNode = FALSE
	EndGlobalSection
	GlobalSection(ExtensibilityGlobals) = postSolution
		SolutionGuid = {5A128EF2-C802-4E8F-9870-DD44299E49F5}
	EndGlobalSection
EndGlobal
